{
  "lib/forge-std": {
    "tag": {
      "name": "v1.9.4",
      "rev": "1eea5bae12ae557d589f9f0f0edae2faa47cb262"
    }
  },
  "lib/openzeppelin-contracts": {
    "tag": {
      "name": "v5.1.0",
      "rev": "69c8def5f222ff96f2b5beff05dfba996368aa79"
    }
  },
  "lib/v4-core": {
    "tag": {
      "name": "v4.0.0",
      "rev": "e50237c43811bd9b526eff40f26772152a42daba"
    }
  },
  "lib/v4-periphery": {
    "rev": "363226d9e1e2180b67bf6857023dbaad751010c5"
  }
}